
Microsoft Visual Studio Solution File, Format Version 12.00
# Visual Studio 15
VisualStudioVersion = 15.0.27703.2047
MinimumVisualStudioVersion = 10.0.40219.1
Project("{8BC9CEB8-8B4A-11D0-8D11-00A0C91BC942}") = "Compiler", "Compiler\Compiler.vcxproj", "{A8147CC3-719E-4E21-A043-8BF66B81C8E0}"
EndProject
Global
	GlobalSection(SolutionConfigurationPlatforms) = preSolution
		Debug|x64 = Debug|x64
		Debug|x86 = Debug|x86
		Release|x64 = Release|x64
		Release|x86 = Release|x86
	EndGlobalSection
	GlobalSection(ProjectConfigurationPlatforms) = postSolution
		{A8147CC3-719E-4E21-A043-8BF66B81C8E0}.Debug|x64.ActiveCfg = Debug|x64
		{A8147CC3-719E-4E21-A043-8BF66B81C8E0}.Debug|x64.Build.0 = Debug|x64
		{A8147CC3-719E-4E21-A043-8BF66B81C8E0}.Debug|x86.ActiveCfg = Debug|Win32
		{A8147CC3-719E-4E21-A043-8BF66B81C8E0}.Debug|x86.Build.0 = Debug|Win32
		{A8147CC3-719E-4E21-A043-8BF66B81C8E0}.Release|x64.ActiveCfg = Release|x64
		{A8147CC3-719E-4E21-A043-8BF66B81C8E0}.Release|x64.Build.0 = Release|x64
		{A8147CC3-719E-4E21-A043-8BF66B81C8E0}.Release|x86.ActiveCfg = Release|Win32
		{A8147CC3-719E-4E21-A043-8BF66B81C8E0}.Release|x86.Build.0 = Release|Win32
	EndGlobalSection
	GlobalSection(SolutionProperties) = preSolution
		HideSolutionNode = FALSE
	EndGlobalSection
	GlobalSection(ExtensibilityGlobals) = postSolution
		SolutionGuid = {AEAB2BB3-586D-4EF5-B9C4-963FB5F6A721}
	EndGlobalSection
EndGlobal
