<?xml version="1.0" encoding="utf-8"?>
<Project ToolsVersion="4.0" xmlns="http://schemas.microsoft.com/developer/msbuild/2003">
  <ItemGroup>
    <Filter Include="Quelldateien">
      <UniqueIdentifier>{4FC737F1-C7A5-4376-A066-2A32D752A2FF}</UniqueIdentifier>
      <Extensions>cpp;c;cc;cxx;def;odl;idl;hpj;bat;asm;asmx</Extensions>
    </Filter>
    <Filter Include="Headerdateien">
      <UniqueIdentifier>{93995380-89BD-4b04-88EB-625FBE52EBFB}</UniqueIdentifier>
      <Extensions>h;hh;hpp;hxx;hm;inl;inc;ipp;xsd</Extensions>
    </Filter>
    <Filter Include="Ressourcendateien">
      <UniqueIdentifier>{67DA6AB6-F800-4c08-8B7A-83BB121AAD01}</UniqueIdentifier>
      <Extensions>rc;ico;cur;bmp;dlg;rc2;rct;bin;rgs;gif;jpg;jpeg;jpe;resx;tiff;tif;png;wav;mfcribbon-ms</Extensions>
    </Filter>
    <Filter Include="Headerdateien\LexicalAnalysis">
      <UniqueIdentifier>{ecb7b1f0-9ffd-4837-9c4e-7d3f3d44b518}</UniqueIdentifier>
    </Filter>
    <Filter Include="Quelldateien\LexicalAnalysis">
      <UniqueIdentifier>{401e39be-2aa5-4176-a4f3-497415cec26d}</UniqueIdentifier>
    </Filter>
    <Filter Include="Headerdateien\SyntacticAnalysis">
      <UniqueIdentifier>{26acb409-825e-45dd-a969-b99c6ce60216}</UniqueIdentifier>
    </Filter>
    <Filter Include="Quelldateien\SyntacticAnalysis">
      <UniqueIdentifier>{d12ed5d6-8466-42d5-997c-4a87bb8aadc9}</UniqueIdentifier>
    </Filter>
    <Filter Include="Headerdateien\SyntaxTrees">
      <UniqueIdentifier>{e9b67088-299c-44fd-b1b3-08805f684099}</UniqueIdentifier>
    </Filter>
    <Filter Include="Headerdateien\SyntaxTrees\Expressions">
      <UniqueIdentifier>{315da123-a7a4-49f5-b177-9b9f1148dff9}</UniqueIdentifier>
    </Filter>
    <Filter Include="Headerdateien\SyntaxTrees\Statements">
      <UniqueIdentifier>{a04f3570-04a0-4beb-8734-a9693d583d04}</UniqueIdentifier>
    </Filter>
    <Filter Include="Quelldateien\SemanticAnalysis">
      <UniqueIdentifier>{9dfb1ed2-e9fe-4463-9c91-68646e61c2cd}</UniqueIdentifier>
    </Filter>
    <Filter Include="Headerdateien\SemanticAnalysis">
      <UniqueIdentifier>{8ad12fc6-305d-4e0a-a99f-6ea6847584e1}</UniqueIdentifier>
    </Filter>
    <Filter Include="Headerdateien\CodeGeneration">
      <UniqueIdentifier>{71adb40b-6581-4d93-b372-2cc97851edf0}</UniqueIdentifier>
    </Filter>
    <Filter Include="Quelldateien\CodeGeneration">
      <UniqueIdentifier>{98da3654-d44f-4fe0-8e38-c86ab83885e1}</UniqueIdentifier>
    </Filter>
    <Filter Include="Headerdateien\Virtual Machine">
      <UniqueIdentifier>{304088bc-79ff-4b34-83ef-3649c21c0dbc}</UniqueIdentifier>
    </Filter>
    <Filter Include="Quelldateien\Virtual Machine">
      <UniqueIdentifier>{e3aa5bac-db16-4a5e-8867-a1c38842dc56}</UniqueIdentifier>
    </Filter>
  </ItemGroup>
  <ItemGroup>
    <ClInclude Include="stdafx.h">
      <Filter>Headerdateien</Filter>
    </ClInclude>
    <ClInclude Include="targetver.h">
      <Filter>Headerdateien</Filter>
    </ClInclude>
    <ClInclude Include="Token.h">
      <Filter>Headerdateien</Filter>
    </ClInclude>
    <ClInclude Include="SourceFile.h">
      <Filter>Headerdateien</Filter>
    </ClInclude>
    <ClInclude Include="LexerTree.h">
      <Filter>Headerdateien\LexicalAnalysis</Filter>
    </ClInclude>
    <ClInclude Include="Lexer.h">
      <Filter>Headerdateien\LexicalAnalysis</Filter>
    </ClInclude>
    <ClInclude Include="IdentifierTree.h">
      <Filter>Headerdateien\LexicalAnalysis</Filter>
    </ClInclude>
    <ClInclude Include="LexerUtils.h">
      <Filter>Headerdateien\LexicalAnalysis</Filter>
    </ClInclude>
    <ClInclude Include="RootTree.h">
      <Filter>Headerdateien\LexicalAnalysis</Filter>
    </ClInclude>
    <ClInclude Include="Parser.h">
      <Filter>Headerdateien\SyntacticAnalysis</Filter>
    </ClInclude>
    <ClInclude Include="Program.h">
      <Filter>Headerdateien\SyntacticAnalysis</Filter>
    </ClInclude>
    <ClInclude Include="Variable.h">
      <Filter>Headerdateien\SyntacticAnalysis</Filter>
    </ClInclude>
    <ClInclude Include="Function.h">
      <Filter>Headerdateien\SyntacticAnalysis</Filter>
    </ClInclude>
    <ClInclude Include="ComparisonTree.h">
      <Filter>Headerdateien\SyntaxTrees\Expressions</Filter>
    </ClInclude>
    <ClInclude Include="AdditionTree.h">
      <Filter>Headerdateien\SyntaxTrees\Expressions</Filter>
    </ClInclude>
    <ClInclude Include="EqualityTree.h">
      <Filter>Headerdateien\SyntaxTrees\Expressions</Filter>
    </ClInclude>
    <ClInclude Include="GetElementTree.h">
      <Filter>Headerdateien\SyntaxTrees\Expressions</Filter>
    </ClInclude>
    <ClInclude Include="LogAndOrTree.h">
      <Filter>Headerdateien\SyntaxTrees\Expressions</Filter>
    </ClInclude>
    <ClInclude Include="ExpressionTree.h">
      <Filter>Headerdateien\SyntaxTrees\Expressions</Filter>
    </ClInclude>
    <ClInclude Include="MultiplicationTree.h">
      <Filter>Headerdateien\SyntaxTrees\Expressions</Filter>
    </ClInclude>
    <ClInclude Include="PostUnaryTree.h">
      <Filter>Headerdateien\SyntaxTrees\Expressions</Filter>
    </ClInclude>
    <ClInclude Include="PreUnaryTree.h">
      <Filter>Headerdateien\SyntaxTrees\Expressions</Filter>
    </ClInclude>
    <ClInclude Include="ValueTree.h">
      <Filter>Headerdateien\SyntaxTrees\Expressions</Filter>
    </ClInclude>
    <ClInclude Include="ProgramTree.h">
      <Filter>Headerdateien\SyntaxTrees</Filter>
    </ClInclude>
    <ClInclude Include="VariableTree.h">
      <Filter>Headerdateien\SyntaxTrees</Filter>
    </ClInclude>
    <ClInclude Include="FunctionTree.h">
      <Filter>Headerdateien\SyntaxTrees</Filter>
    </ClInclude>
    <ClInclude Include="StatementTree.h">
      <Filter>Headerdateien\SyntaxTrees\Statements</Filter>
    </ClInclude>
    <ClInclude Include="StatementListTree.h">
      <Filter>Headerdateien\SyntaxTrees\Statements</Filter>
    </ClInclude>
    <ClInclude Include="ExprStatementTree.h">
      <Filter>Headerdateien\SyntaxTrees\Statements</Filter>
    </ClInclude>
    <ClInclude Include="StatementHeaders.h">
      <Filter>Headerdateien\SyntaxTrees\Statements</Filter>
    </ClInclude>
    <ClInclude Include="WhileStatementTree.h">
      <Filter>Headerdateien\SyntaxTrees\Statements</Filter>
    </ClInclude>
    <ClInclude Include="ForStatementTree.h">
      <Filter>Headerdateien\SyntaxTrees\Statements</Filter>
    </ClInclude>
    <ClInclude Include="DeclStatementTree.h">
      <Filter>Headerdateien\SyntaxTrees\Statements</Filter>
    </ClInclude>
    <ClInclude Include="IfStatementTree.h">
      <Filter>Headerdateien\SyntaxTrees\Statements</Filter>
    </ClInclude>
    <ClInclude Include="ReturnStatementTree.h">
      <Filter>Headerdateien\SyntaxTrees\Statements</Filter>
    </ClInclude>
    <ClInclude Include="DataTypes.h">
      <Filter>Headerdateien\SyntacticAnalysis</Filter>
    </ClInclude>
    <ClInclude Include="SemanticAnalyser.h">
      <Filter>Headerdateien\SemanticAnalysis</Filter>
    </ClInclude>
    <ClInclude Include="AssignExpressionTree.h">
      <Filter>Headerdateien\SyntaxTrees\Expressions</Filter>
    </ClInclude>
    <ClInclude Include="ScopeHelper.h">
      <Filter>Headerdateien\SemanticAnalysis</Filter>
    </ClInclude>
    <ClInclude Include="Scope.h">
      <Filter>Headerdateien\SemanticAnalysis</Filter>
    </ClInclude>
    <ClInclude Include="CodeGenerator.h">
      <Filter>Headerdateien\CodeGeneration</Filter>
    </ClInclude>
    <ClInclude Include="OperationCodes.h">
      <Filter>Headerdateien\CodeGeneration</Filter>
    </ClInclude>
    <ClInclude Include="VirtualMachine.h">
      <Filter>Headerdateien\Virtual Machine</Filter>
    </ClInclude>
    <ClInclude Include="ByteProgram.h">
      <Filter>Headerdateien\Virtual Machine</Filter>
    </ClInclude>
    <ClInclude Include="VmStack.h">
      <Filter>Headerdateien\Virtual Machine</Filter>
    </ClInclude>
    <ClInclude Include="NamespaceFunctionTree.h">
      <Filter>Headerdateien\SyntaxTrees\Expressions</Filter>
    </ClInclude>
    <ClInclude Include="StandardLibrary.h">
      <Filter>Headerdateien</Filter>
    </ClInclude>
    <ClInclude Include="DeclArrayStmtTree.h">
      <Filter>Headerdateien\SyntaxTrees\Statements</Filter>
    </ClInclude>
    <ClInclude Include="ArrayExpression.h">
      <Filter>Headerdateien\SyntaxTrees\Expressions</Filter>
    </ClInclude>
    <ClInclude Include="Expressions.h">
      <Filter>Headerdateien\SyntaxTrees\Expressions</Filter>
    </ClInclude>
    <ClInclude Include="VmArray.h">
      <Filter>Headerdateien\Virtual Machine</Filter>
    </ClInclude>
  </ItemGroup>
  <ItemGroup>
    <ClCompile Include="stdafx.cpp">
      <Filter>Quelldateien</Filter>
    </ClCompile>
    <ClCompile Include="SourceFile.cpp">
      <Filter>Quelldateien</Filter>
    </ClCompile>
    <ClCompile Include="IdentifierTree.cpp">
      <Filter>Quelldateien\LexicalAnalysis</Filter>
    </ClCompile>
    <ClCompile Include="Lexer.cpp">
      <Filter>Quelldateien\LexicalAnalysis</Filter>
    </ClCompile>
    <ClCompile Include="LexerTree.cpp">
      <Filter>Quelldateien\LexicalAnalysis</Filter>
    </ClCompile>
    <ClCompile Include="Token.cpp">
      <Filter>Quelldateien</Filter>
    </ClCompile>
    <ClCompile Include="RootTree.cpp">
      <Filter>Quelldateien\LexicalAnalysis</Filter>
    </ClCompile>
    <ClCompile Include="LexerFunctions.cpp">
      <Filter>Quelldateien\LexicalAnalysis</Filter>
    </ClCompile>
    <ClCompile Include="Parser.cpp">
      <Filter>Quelldateien\SyntacticAnalysis</Filter>
    </ClCompile>
    <ClCompile Include="Program.cpp">
      <Filter>Quelldateien\LexicalAnalysis</Filter>
    </ClCompile>
    <ClCompile Include="Compiler.cpp">
      <Filter>Quelldateien</Filter>
    </ClCompile>
    <ClCompile Include="DataType.cpp">
      <Filter>Quelldateien\SyntacticAnalysis</Filter>
    </ClCompile>
    <ClCompile Include="SemanticAnalysis.cpp">
      <Filter>Quelldateien\SemanticAnalysis</Filter>
    </ClCompile>
    <ClCompile Include="ScopeHelper.cpp">
      <Filter>Quelldateien\SemanticAnalysis</Filter>
    </ClCompile>
    <ClCompile Include="Scope.cpp">
      <Filter>Quelldateien\SemanticAnalysis</Filter>
    </ClCompile>
    <ClCompile Include="ExpressionGenerator.cpp">
      <Filter>Quelldateien\CodeGeneration</Filter>
    </ClCompile>
    <ClCompile Include="StatementGenerator.cpp">
      <Filter>Quelldateien\CodeGeneration</Filter>
    </ClCompile>
    <ClCompile Include="GlobalGenerator.cpp">
      <Filter>Quelldateien\CodeGeneration</Filter>
    </ClCompile>
    <ClCompile Include="CodeGenerator.cpp">
      <Filter>Quelldateien\CodeGeneration</Filter>
    </ClCompile>
    <ClCompile Include="VirtualMachine.cpp">
      <Filter>Quelldateien\Virtual Machine</Filter>
    </ClCompile>
    <ClCompile Include="ByteProgram.cpp">
      <Filter>Quelldateien\Virtual Machine</Filter>
    </ClCompile>
    <ClCompile Include="StandardLibrary.cpp">
      <Filter>Quelldateien</Filter>
    </ClCompile>
    <ClCompile Include="VmStack.cpp">
      <Filter>Quelldateien\Virtual Machine</Filter>
    </ClCompile>
  </ItemGroup>
  <ItemGroup>
    <None Include="main.z">
      <Filter>Ressourcendateien</Filter>
    </None>
    <None Include="exprtest.z">
      <Filter>Ressourcendateien</Filter>
    </None>
  </ItemGroup>
</Project>